
Microsoft Visual Studio Solution File, Format Version 12.00
# Visual Studio 15
VisualStudioVersion = 15.0.26730.8
MinimumVisualStudioVersion = 10.0.40219.1
Project("{9A19103F-16F7-4668-BE54-9A1E7A4F7556}") = "Kifa", "src\Kifa\Kifa.csproj", "{6E1E7ED5-1DED-4543-9E71-6AF74EE90F4A}"
EndProject
Project("{9A19103F-16F7-4668-BE54-9A1E7A4F7556}") = "Kifa.IO", "src\Kifa.IO\Kifa.IO.csproj", "{224429E0-2CC0-4D0C-A599-C311C1BEA819}"
EndProject
Project("{9A19103F-16F7-4668-BE54-9A1E7A4F7556}") = "Kifa.Service", "src\Kifa.Service\Kifa.Service.csproj", "{14523B38-BC5E-4D14-A2DE-C4E47DBC1F92}"
EndProject
Project("{9A19103F-16F7-4668-BE54-9A1E7A4F7556}") = "Kifa.Cryptography", "src\Kifa.Cryptography\Kifa.Cryptography.csproj", "{D24F82E0-2851-4564-9A1E-13CE7C9B8567}"
EndProject
Project("{9A19103F-16F7-4668-BE54-9A1E7A4F7556}") = "Kifa.Cloud.BaiduCloud", "src\Kifa.Cloud.BaiduCloud\Kifa.Cloud.BaiduCloud.csproj", "{7DEB0798-1264-440A-AAD2-F6CEE1F10D5A}"
EndProject
Project("{9A19103F-16F7-4668-BE54-9A1E7A4F7556}") = "Kifa.Cloud.MegaNz", "src\Kifa.Cloud.MegaNz\Kifa.Cloud.MegaNz.csproj", "{1D344A63-9D06-46DE-8EED-9575E2CFC4F0}"
EndProject
Project("{9A19103F-16F7-4668-BE54-9A1E7A4F7556}") = "Kifa.IO.Tests", "tests\Kifa.IO.Tests\Kifa.IO.Tests.csproj", "{CBA70C35-4E96-439D-A2F9-13F57F05DCD5}"
EndProject
Project("{9A19103F-16F7-4668-BE54-9A1E7A4F7556}") = "Kifa.Cloud.BaiduCloud.Tests", "tests\Kifa.Cloud.BaiduCloud.Tests\Kifa.Cloud.BaiduCloud.Tests.csproj", "{41F72EE5-9A64-4A27-A1CC-575D8A9A495D}"
EndProject
Project("{9A19103F-16F7-4668-BE54-9A1E7A4F7556}") = "Kifa.Cloud.MegaNz.Tests", "tests\Kifa.Cloud.MegaNz.Tests\Kifa.Cloud.MegaNz.Tests.csproj", "{ABCA6615-FF57-452B-AEBF-6CA6EE98BDD3}"
EndProject
Project("{9A19103F-16F7-4668-BE54-9A1E7A4F7556}") = "Kifa.Tools.JobUtil", "src\Kifa.Tools.JobUtil\Kifa.Tools.JobUtil.csproj", "{AA48DD43-1AB2-4625-8CDD-9DE10A334F37}"
EndProject
Project("{9A19103F-16F7-4668-BE54-9A1E7A4F7556}") = "Kifa.Tools.FileUtil", "src\Kifa.Tools.FileUtil\Kifa.Tools.FileUtil.csproj", "{FA56DE78-275B-453E-B241-4AE0C2E43C27}"
EndProject
Project("{9A19103F-16F7-4668-BE54-9A1E7A4F7556}") = "Kifa.Api.Files", "src\Kifa.Api.Files\Kifa.Api.Files.csproj", "{A1FCD94B-1107-4404-8A66-109537B2D6DA}"
EndProject
Project("{FAE04EC0-301F-11D3-BF4B-00C04F79EFBC}") = "Kifa.Cloud.GoogleDrive", "src\Kifa.Cloud.GoogleDrive\Kifa.Cloud.GoogleDrive.csproj", "{4BBA747F-6EEC-47BB-9A88-EDFFE88E00AA}"
EndProject
Project("{FAE04EC0-301F-11D3-BF4B-00C04F79EFBC}") = "Kifa.Cloud.GoogleDrive.Tests", "tests\Kifa.Cloud.GoogleDrive.Tests\Kifa.Cloud.GoogleDrive.Tests.csproj", "{359007A6-3F48-456A-AF9C-75F51B3A4F3D}"
EndProject
Project("{FAE04EC0-301F-11D3-BF4B-00C04F79EFBC}") = "Kifa.Subtitle", "src\Kifa.Subtitle\Kifa.Subtitle.csproj", "{3968EDD4-8D7D-4D19-BA91-2CF51D89E21F}"
EndProject
Project("{FAE04EC0-301F-11D3-BF4B-00C04F79EFBC}") = "Kifa.Bilibili", "src\Kifa.Bilibili\Kifa.Bilibili.csproj", "{92F48950-18F4-4891-8114-47847E0063B4}"
EndProject
Project("{FAE04EC0-301F-11D3-BF4B-00C04F79EFBC}") = "Kifa.Tools.SubUtil", "src\Kifa.Tools.SubUtil\Kifa.Tools.SubUtil.csproj", "{4B103459-90B8-4F4A-93EF-D594D24B58F9}"
EndProject
Project("{FAE04EC0-301F-11D3-BF4B-00C04F79EFBC}") = "Kifa.Configs", "src\Kifa.Configs\Kifa.Configs.csproj", "{EF17EA06-8245-49DF-B74A-098856EA9754}"
EndProject
Project("{FAE04EC0-301F-11D3-BF4B-00C04F79EFBC}") = "Kifa.Configs.Tests", "tests\Kifa.Configs.Tests\Kifa.Configs.Tests.csproj", "{6144F201-F164-4AB1-9A45-35764710FCF7}"
EndProject
Project("{FAE04EC0-301F-11D3-BF4B-00C04F79EFBC}") = "Kifa.Subtitle.Tests", "tests\Kifa.Subtitle.Tests\Kifa.Subtitle.Tests.csproj", "{B7B90EB1-FFEA-4B1D-A613-8A62CCDC4AD2}"
EndProject
Project("{FAE04EC0-301F-11D3-BF4B-00C04F79EFBC}") = "Kifa.Web.Api", "src\Kifa.Web.Api\Kifa.Web.Api.csproj", "{2339CF48-0F55-4432-A6F0-5E38FB8AFDC4}"
EndProject
Project("{FAE04EC0-301F-11D3-BF4B-00C04F79EFBC}") = "Kifa.Service.Tests", "tests\Kifa.Service.Tests\Kifa.Service.Tests.csproj", "{78DFBF6C-5A6E-4C22-911F-7EAFA3FD91B2}"
EndProject
Project("{FAE04EC0-301F-11D3-BF4B-00C04F79EFBC}") = "Kifa.Tools.BiliUtil", "src\Kifa.Tools.BiliUtil\Kifa.Tools.BiliUtil.csproj", "{97D0B607-7960-4B35-BBDF-9CE2410691B3}"
EndProject
Project("{FAE04EC0-301F-11D3-BF4B-00C04F79EFBC}") = "Kifa.Tools", "src\Kifa.Tools\Kifa.Tools.csproj", "{6FA4C189-49C0-4913-9206-FA5D7F89F1E6}"
EndProject
Project("{FAE04EC0-301F-11D3-BF4B-00C04F79EFBC}") = "Kifa.Infos", "src\Kifa.Infos\Kifa.Infos.csproj", "{572327E1-2C76-4253-BB97-44A7B43F0AD5}"
EndProject
Project("{FAE04EC0-301F-11D3-BF4B-00C04F79EFBC}") = "Kifa.Infos.Tests", "tests\Kifa.Infos.Tests\Kifa.Infos.Tests.csproj", "{822FE2EA-D14A-44A4-BDF4-B35B0BBFF6E5}"
EndProject
Project("{FAE04EC0-301F-11D3-BF4B-00C04F79EFBC}") = "Kifa.Benchmarks", "benchmarks\Kifa.Benchmarks\Kifa.Benchmarks.csproj", "{3186AB8A-24DF-4134-92AC-37D3448BF648}"
EndProject
Project("{FAE04EC0-301F-11D3-BF4B-00C04F79EFBC}") = "Kifa.Cryptography.Tests", "tests\Kifa.Cryptography.Tests\Kifa.Cryptography.Tests.csproj", "{2D426E84-DDDD-4548-ACBF-BD4F8944D9C4}"
EndProject
Project("{FAE04EC0-301F-11D3-BF4B-00C04F79EFBC}") = "Kifa.Cloud.Swisscom", "src\Kifa.Cloud.Swisscom\Kifa.Cloud.Swisscom.csproj", "{2E30EF8C-FAED-4B28-9D85-104DC5FD31CD}"
EndProject
Project("{FAE04EC0-301F-11D3-BF4B-00C04F79EFBC}") = "Kifa.Games.BreathOfTheWild", "src\Kifa.Games.BreathOfTheWild\Kifa.Games.BreathOfTheWild.csproj", "{DE807BE3-9C9E-474E-A7A1-261DE65CF191}"
EndProject
Project("{FAE04EC0-301F-11D3-BF4B-00C04F79EFBC}") = "Kifa.Cloud.Swisscom.Tests", "tests\Kifa.Cloud.Swisscom.Tests\Kifa.Cloud.Swisscom.Tests.csproj", "{56A44251-9FF7-4144-A145-F660DFDADCA7}"
EndProject
Project("{FAE04EC0-301F-11D3-BF4B-00C04F79EFBC}") = "Kifa.GameHacking", "src\Kifa.GameHacking\Kifa.GameHacking.csproj", "{78D59B79-0B43-4281-A121-8C1915A9BC9D}"
EndProject
Project("{FAE04EC0-301F-11D3-BF4B-00C04F79EFBC}") = "Kifa.Languages.Tests", "tests\Kifa.Languages.Tests\Kifa.Languages.Tests.csproj", "{22AD3BC5-6451-4A02-9FC2-BC307C0B500F}"
EndProject
Project("{FAE04EC0-301F-11D3-BF4B-00C04F79EFBC}") = "Kifa.Tools.NoteUtil", "src\Kifa.Tools.NoteUtil\Kifa.Tools.NoteUtil.csproj", "{52F95839-91F3-4BB6-948A-4BD4904609DC}"
EndProject
Project("{FAE04EC0-301F-11D3-BF4B-00C04F79EFBC}") = "Kifa.Languages", "src\Kifa.Languages\Kifa.Languages.csproj", "{B6254585-27B0-4C9F-9847-397AAE2A0F87}"
EndProject
Project("{FAE04EC0-301F-11D3-BF4B-00C04F79EFBC}") = "Kifa.Music", "src\Kifa.Music\Kifa.Music.csproj", "{63DA2454-374B-43CF-9946-34134D20225C}"
EndProject
Project("{FAE04EC0-301F-11D3-BF4B-00C04F79EFBC}") = "Kifa.Tools.BookUtil", "src\Kifa.Tools.BookUtil\Kifa.Tools.BookUtil.csproj", "{412801F3-6032-48EF-A6B5-1FCDF5F1EB35}"
EndProject
Project("{FAE04EC0-301F-11D3-BF4B-00C04F79EFBC}") = "Kifa.Tools.DataUtil", "src\Kifa.Tools.DataUtil\Kifa.Tools.DataUtil.csproj", "{035673B0-C4C3-49A1-BA0D-92D82BCFB231}"
EndProject
Project("{FAE04EC0-301F-11D3-BF4B-00C04F79EFBC}") = "Kifa.Soccer", "src\Kifa.Soccer\Kifa.Soccer.csproj", "{701711A9-90DE-4A30-B79C-88288D4E029C}"
EndProject
Project("{FAE04EC0-301F-11D3-BF4B-00C04F79EFBC}") = "Kifa.Soccer.Tests", "tests\Kifa.Soccer.Tests\Kifa.Soccer.Tests.csproj", "{8FE6DC51-6C93-4CE2-A035-B83179E9057A}"
EndProject
Project("{FAE04EC0-301F-11D3-BF4B-00C04F79EFBC}") = "Kifa.Azure", "src\Kifa.Azure\Kifa.Azure.csproj", "{1A84B94B-B06C-4357-AD8A-23F8608B2423}"
EndProject
Project("{FAE04EC0-301F-11D3-BF4B-00C04F79EFBC}") = "Kifa.Azure.Tests", "tests\Kifa.Azure.Tests\Kifa.Azure.Tests.csproj", "{22F248B5-CB91-4130-8468-1570F6B1AA21}"
EndProject
Project("{FAE04EC0-301F-11D3-BF4B-00C04F79EFBC}") = "Kifa.Tests", "tests\Kifa.Tests\Kifa.Tests.csproj", "{88E7038D-C434-4BE7-B33F-F669E7A81912}"
EndProject
Project("{FAE04EC0-301F-11D3-BF4B-00C04F79EFBC}") = "Kifa.Bilibili.Tests", "tests\Kifa.Bilibili.Tests\Kifa.Bilibili.Tests.csproj", "{FDC3D389-C593-4FB0-9CD8-C4EFB359A196}"
EndProject
Project("{FAE04EC0-301F-11D3-BF4B-00C04F79EFBC}") = "Kifa.Cloud.GooglePhotos", "src\Kifa.Cloud.GooglePhotos\Kifa.Cloud.GooglePhotos.csproj", "{A7901698-1788-491F-8D98-D7C6C730985F}"
EndProject
Project("{FAE04EC0-301F-11D3-BF4B-00C04F79EFBC}") = "Kifa.Cloud.OAuth", "src\Kifa.Cloud.OAuth\Kifa.Cloud.OAuth.csproj", "{4243CA3B-425E-49F2-A111-30A91946F39D}"
EndProject
Project("{FAE04EC0-301F-11D3-BF4B-00C04F79EFBC}") = "Kifa.Tools.MemriseUtil", "src\Kifa.Tools.MemriseUtil\Kifa.Tools.MemriseUtil.csproj", "{238E0209-05B1-424F-AB1F-3436387B32DF}"
EndProject
Project("{FAE04EC0-301F-11D3-BF4B-00C04F79EFBC}") = "Kifa.Memrise", "src\Kifa.Memrise\Kifa.Memrise.csproj", "{6B0A496E-5117-436F-B954-FBB9EA49D358}"
EndProject
Project("{FAE04EC0-301F-11D3-BF4B-00C04F79EFBC}") = "Kifa.Memrise.Tests", "tests\Kifa.Memrise.Tests\Kifa.Memrise.Tests.csproj", "{C820AD4A-1F69-4691-BC8D-0C4F3165AF07}"
EndProject
Project("{FAE04EC0-301F-11D3-BF4B-00C04F79EFBC}") = "Kifa.Rpc", "src\Kifa.Rpc\Kifa.Rpc.csproj", "{2CD6EE56-8174-4EE1-BB85-C8BBF0A45F05}"
EndProject
Global
	GlobalSection(SolutionConfigurationPlatforms) = preSolution
		Debug|Any CPU = Debug|Any CPU
		Release|Any CPU = Release|Any CPU
	EndGlobalSection
	GlobalSection(ProjectConfigurationPlatforms) = postSolution
		{6E1E7ED5-1DED-4543-9E71-6AF74EE90F4A}.Debug|Any CPU.ActiveCfg = Debug|Any CPU
		{6E1E7ED5-1DED-4543-9E71-6AF74EE90F4A}.Debug|Any CPU.Build.0 = Debug|Any CPU
		{6E1E7ED5-1DED-4543-9E71-6AF74EE90F4A}.Release|Any CPU.ActiveCfg = Release|Any CPU
		{6E1E7ED5-1DED-4543-9E71-6AF74EE90F4A}.Release|Any CPU.Build.0 = Release|Any CPU
		{224429E0-2CC0-4D0C-A599-C311C1BEA819}.Debug|Any CPU.ActiveCfg = Debug|Any CPU
		{224429E0-2CC0-4D0C-A599-C311C1BEA819}.Debug|Any CPU.Build.0 = Debug|Any CPU
		{224429E0-2CC0-4D0C-A599-C311C1BEA819}.Release|Any CPU.ActiveCfg = Release|Any CPU
		{224429E0-2CC0-4D0C-A599-C311C1BEA819}.Release|Any CPU.Build.0 = Release|Any CPU
		{14523B38-BC5E-4D14-A2DE-C4E47DBC1F92}.Debug|Any CPU.ActiveCfg = Debug|Any CPU
		{14523B38-BC5E-4D14-A2DE-C4E47DBC1F92}.Debug|Any CPU.Build.0 = Debug|Any CPU
		{14523B38-BC5E-4D14-A2DE-C4E47DBC1F92}.Release|Any CPU.ActiveCfg = Release|Any CPU
		{14523B38-BC5E-4D14-A2DE-C4E47DBC1F92}.Release|Any CPU.Build.0 = Release|Any CPU
		{D24F82E0-2851-4564-9A1E-13CE7C9B8567}.Debug|Any CPU.ActiveCfg = Debug|Any CPU
		{D24F82E0-2851-4564-9A1E-13CE7C9B8567}.Debug|Any CPU.Build.0 = Debug|Any CPU
		{D24F82E0-2851-4564-9A1E-13CE7C9B8567}.Release|Any CPU.ActiveCfg = Release|Any CPU
		{D24F82E0-2851-4564-9A1E-13CE7C9B8567}.Release|Any CPU.Build.0 = Release|Any CPU
		{7DEB0798-1264-440A-AAD2-F6CEE1F10D5A}.Debug|Any CPU.ActiveCfg = Debug|Any CPU
		{7DEB0798-1264-440A-AAD2-F6CEE1F10D5A}.Debug|Any CPU.Build.0 = Debug|Any CPU
		{7DEB0798-1264-440A-AAD2-F6CEE1F10D5A}.Release|Any CPU.ActiveCfg = Release|Any CPU
		{7DEB0798-1264-440A-AAD2-F6CEE1F10D5A}.Release|Any CPU.Build.0 = Release|Any CPU
		{1D344A63-9D06-46DE-8EED-9575E2CFC4F0}.Debug|Any CPU.ActiveCfg = Debug|Any CPU
		{1D344A63-9D06-46DE-8EED-9575E2CFC4F0}.Debug|Any CPU.Build.0 = Debug|Any CPU
		{1D344A63-9D06-46DE-8EED-9575E2CFC4F0}.Release|Any CPU.ActiveCfg = Release|Any CPU
		{1D344A63-9D06-46DE-8EED-9575E2CFC4F0}.Release|Any CPU.Build.0 = Release|Any CPU
		{CBA70C35-4E96-439D-A2F9-13F57F05DCD5}.Debug|Any CPU.ActiveCfg = Debug|Any CPU
		{CBA70C35-4E96-439D-A2F9-13F57F05DCD5}.Debug|Any CPU.Build.0 = Debug|Any CPU
		{CBA70C35-4E96-439D-A2F9-13F57F05DCD5}.Release|Any CPU.ActiveCfg = Release|Any CPU
		{CBA70C35-4E96-439D-A2F9-13F57F05DCD5}.Release|Any CPU.Build.0 = Release|Any CPU
		{41F72EE5-9A64-4A27-A1CC-575D8A9A495D}.Debug|Any CPU.ActiveCfg = Debug|Any CPU
		{41F72EE5-9A64-4A27-A1CC-575D8A9A495D}.Debug|Any CPU.Build.0 = Debug|Any CPU
		{41F72EE5-9A64-4A27-A1CC-575D8A9A495D}.Release|Any CPU.ActiveCfg = Release|Any CPU
		{41F72EE5-9A64-4A27-A1CC-575D8A9A495D}.Release|Any CPU.Build.0 = Release|Any CPU
		{ABCA6615-FF57-452B-AEBF-6CA6EE98BDD3}.Debug|Any CPU.ActiveCfg = Debug|Any CPU
		{ABCA6615-FF57-452B-AEBF-6CA6EE98BDD3}.Debug|Any CPU.Build.0 = Debug|Any CPU
		{ABCA6615-FF57-452B-AEBF-6CA6EE98BDD3}.Release|Any CPU.ActiveCfg = Release|Any CPU
		{ABCA6615-FF57-452B-AEBF-6CA6EE98BDD3}.Release|Any CPU.Build.0 = Release|Any CPU
		{AA48DD43-1AB2-4625-8CDD-9DE10A334F37}.Debug|Any CPU.ActiveCfg = Debug|Any CPU
		{AA48DD43-1AB2-4625-8CDD-9DE10A334F37}.Debug|Any CPU.Build.0 = Debug|Any CPU
		{AA48DD43-1AB2-4625-8CDD-9DE10A334F37}.Release|Any CPU.ActiveCfg = Release|Any CPU
		{AA48DD43-1AB2-4625-8CDD-9DE10A334F37}.Release|Any CPU.Build.0 = Release|Any CPU
		{FA56DE78-275B-453E-B241-4AE0C2E43C27}.Debug|Any CPU.ActiveCfg = Debug|Any CPU
		{FA56DE78-275B-453E-B241-4AE0C2E43C27}.Debug|Any CPU.Build.0 = Debug|Any CPU
		{FA56DE78-275B-453E-B241-4AE0C2E43C27}.Release|Any CPU.ActiveCfg = Release|Any CPU
		{FA56DE78-275B-453E-B241-4AE0C2E43C27}.Release|Any CPU.Build.0 = Release|Any CPU
		{A1FCD94B-1107-4404-8A66-109537B2D6DA}.Debug|Any CPU.ActiveCfg = Debug|Any CPU
		{A1FCD94B-1107-4404-8A66-109537B2D6DA}.Debug|Any CPU.Build.0 = Debug|Any CPU
		{A1FCD94B-1107-4404-8A66-109537B2D6DA}.Release|Any CPU.ActiveCfg = Release|Any CPU
		{A1FCD94B-1107-4404-8A66-109537B2D6DA}.Release|Any CPU.Build.0 = Release|Any CPU
		{4BBA747F-6EEC-47BB-9A88-EDFFE88E00AA}.Debug|Any CPU.ActiveCfg = Debug|Any CPU
		{4BBA747F-6EEC-47BB-9A88-EDFFE88E00AA}.Debug|Any CPU.Build.0 = Debug|Any CPU
		{4BBA747F-6EEC-47BB-9A88-EDFFE88E00AA}.Release|Any CPU.ActiveCfg = Release|Any CPU
		{4BBA747F-6EEC-47BB-9A88-EDFFE88E00AA}.Release|Any CPU.Build.0 = Release|Any CPU
		{359007A6-3F48-456A-AF9C-75F51B3A4F3D}.Debug|Any CPU.ActiveCfg = Debug|Any CPU
		{359007A6-3F48-456A-AF9C-75F51B3A4F3D}.Debug|Any CPU.Build.0 = Debug|Any CPU
		{359007A6-3F48-456A-AF9C-75F51B3A4F3D}.Release|Any CPU.ActiveCfg = Release|Any CPU
		{359007A6-3F48-456A-AF9C-75F51B3A4F3D}.Release|Any CPU.Build.0 = Release|Any CPU
		{3968EDD4-8D7D-4D19-BA91-2CF51D89E21F}.Debug|Any CPU.ActiveCfg = Debug|Any CPU
		{3968EDD4-8D7D-4D19-BA91-2CF51D89E21F}.Debug|Any CPU.Build.0 = Debug|Any CPU
		{3968EDD4-8D7D-4D19-BA91-2CF51D89E21F}.Release|Any CPU.ActiveCfg = Release|Any CPU
		{3968EDD4-8D7D-4D19-BA91-2CF51D89E21F}.Release|Any CPU.Build.0 = Release|Any CPU
		{92F48950-18F4-4891-8114-47847E0063B4}.Debug|Any CPU.ActiveCfg = Debug|Any CPU
		{92F48950-18F4-4891-8114-47847E0063B4}.Debug|Any CPU.Build.0 = Debug|Any CPU
		{92F48950-18F4-4891-8114-47847E0063B4}.Release|Any CPU.ActiveCfg = Release|Any CPU
		{92F48950-18F4-4891-8114-47847E0063B4}.Release|Any CPU.Build.0 = Release|Any CPU
		{4B103459-90B8-4F4A-93EF-D594D24B58F9}.Debug|Any CPU.ActiveCfg = Debug|Any CPU
		{4B103459-90B8-4F4A-93EF-D594D24B58F9}.Debug|Any CPU.Build.0 = Debug|Any CPU
		{4B103459-90B8-4F4A-93EF-D594D24B58F9}.Release|Any CPU.ActiveCfg = Release|Any CPU
		{4B103459-90B8-4F4A-93EF-D594D24B58F9}.Release|Any CPU.Build.0 = Release|Any CPU
		{EF17EA06-8245-49DF-B74A-098856EA9754}.Debug|Any CPU.ActiveCfg = Debug|Any CPU
		{EF17EA06-8245-49DF-B74A-098856EA9754}.Debug|Any CPU.Build.0 = Debug|Any CPU
		{EF17EA06-8245-49DF-B74A-098856EA9754}.Release|Any CPU.ActiveCfg = Release|Any CPU
		{EF17EA06-8245-49DF-B74A-098856EA9754}.Release|Any CPU.Build.0 = Release|Any CPU
		{6144F201-F164-4AB1-9A45-35764710FCF7}.Debug|Any CPU.ActiveCfg = Debug|Any CPU
		{6144F201-F164-4AB1-9A45-35764710FCF7}.Debug|Any CPU.Build.0 = Debug|Any CPU
		{6144F201-F164-4AB1-9A45-35764710FCF7}.Release|Any CPU.ActiveCfg = Release|Any CPU
		{6144F201-F164-4AB1-9A45-35764710FCF7}.Release|Any CPU.Build.0 = Release|Any CPU
		{B7B90EB1-FFEA-4B1D-A613-8A62CCDC4AD2}.Debug|Any CPU.ActiveCfg = Debug|Any CPU
		{B7B90EB1-FFEA-4B1D-A613-8A62CCDC4AD2}.Debug|Any CPU.Build.0 = Debug|Any CPU
		{B7B90EB1-FFEA-4B1D-A613-8A62CCDC4AD2}.Release|Any CPU.ActiveCfg = Release|Any CPU
		{B7B90EB1-FFEA-4B1D-A613-8A62CCDC4AD2}.Release|Any CPU.Build.0 = Release|Any CPU
		{2339CF48-0F55-4432-A6F0-5E38FB8AFDC4}.Debug|Any CPU.ActiveCfg = Debug|Any CPU
		{2339CF48-0F55-4432-A6F0-5E38FB8AFDC4}.Debug|Any CPU.Build.0 = Debug|Any CPU
		{2339CF48-0F55-4432-A6F0-5E38FB8AFDC4}.Release|Any CPU.ActiveCfg = Release|Any CPU
		{2339CF48-0F55-4432-A6F0-5E38FB8AFDC4}.Release|Any CPU.Build.0 = Release|Any CPU
		{78DFBF6C-5A6E-4C22-911F-7EAFA3FD91B2}.Debug|Any CPU.ActiveCfg = Debug|Any CPU
		{78DFBF6C-5A6E-4C22-911F-7EAFA3FD91B2}.Debug|Any CPU.Build.0 = Debug|Any CPU
		{78DFBF6C-5A6E-4C22-911F-7EAFA3FD91B2}.Release|Any CPU.ActiveCfg = Release|Any CPU
		{78DFBF6C-5A6E-4C22-911F-7EAFA3FD91B2}.Release|Any CPU.Build.0 = Release|Any CPU
		{97D0B607-7960-4B35-BBDF-9CE2410691B3}.Debug|Any CPU.ActiveCfg = Debug|Any CPU
		{97D0B607-7960-4B35-BBDF-9CE2410691B3}.Debug|Any CPU.Build.0 = Debug|Any CPU
		{97D0B607-7960-4B35-BBDF-9CE2410691B3}.Release|Any CPU.ActiveCfg = Release|Any CPU
		{97D0B607-7960-4B35-BBDF-9CE2410691B3}.Release|Any CPU.Build.0 = Release|Any CPU
		{6FA4C189-49C0-4913-9206-FA5D7F89F1E6}.Debug|Any CPU.ActiveCfg = Debug|Any CPU
		{6FA4C189-49C0-4913-9206-FA5D7F89F1E6}.Debug|Any CPU.Build.0 = Debug|Any CPU
		{6FA4C189-49C0-4913-9206-FA5D7F89F1E6}.Release|Any CPU.ActiveCfg = Release|Any CPU
		{6FA4C189-49C0-4913-9206-FA5D7F89F1E6}.Release|Any CPU.Build.0 = Release|Any CPU
		{572327E1-2C76-4253-BB97-44A7B43F0AD5}.Debug|Any CPU.ActiveCfg = Debug|Any CPU
		{572327E1-2C76-4253-BB97-44A7B43F0AD5}.Debug|Any CPU.Build.0 = Debug|Any CPU
		{572327E1-2C76-4253-BB97-44A7B43F0AD5}.Release|Any CPU.ActiveCfg = Release|Any CPU
		{572327E1-2C76-4253-BB97-44A7B43F0AD5}.Release|Any CPU.Build.0 = Release|Any CPU
		{822FE2EA-D14A-44A4-BDF4-B35B0BBFF6E5}.Debug|Any CPU.ActiveCfg = Debug|Any CPU
		{822FE2EA-D14A-44A4-BDF4-B35B0BBFF6E5}.Debug|Any CPU.Build.0 = Debug|Any CPU
		{822FE2EA-D14A-44A4-BDF4-B35B0BBFF6E5}.Release|Any CPU.ActiveCfg = Release|Any CPU
		{822FE2EA-D14A-44A4-BDF4-B35B0BBFF6E5}.Release|Any CPU.Build.0 = Release|Any CPU
		{3186AB8A-24DF-4134-92AC-37D3448BF648}.Debug|Any CPU.ActiveCfg = Debug|Any CPU
		{3186AB8A-24DF-4134-92AC-37D3448BF648}.Debug|Any CPU.Build.0 = Debug|Any CPU
		{3186AB8A-24DF-4134-92AC-37D3448BF648}.Release|Any CPU.ActiveCfg = Release|Any CPU
		{3186AB8A-24DF-4134-92AC-37D3448BF648}.Release|Any CPU.Build.0 = Release|Any CPU
		{2D426E84-DDDD-4548-ACBF-BD4F8944D9C4}.Debug|Any CPU.ActiveCfg = Debug|Any CPU
		{2D426E84-DDDD-4548-ACBF-BD4F8944D9C4}.Debug|Any CPU.Build.0 = Debug|Any CPU
		{2D426E84-DDDD-4548-ACBF-BD4F8944D9C4}.Release|Any CPU.ActiveCfg = Release|Any CPU
		{2D426E84-DDDD-4548-ACBF-BD4F8944D9C4}.Release|Any CPU.Build.0 = Release|Any CPU
		{2E30EF8C-FAED-4B28-9D85-104DC5FD31CD}.Debug|Any CPU.ActiveCfg = Debug|Any CPU
		{2E30EF8C-FAED-4B28-9D85-104DC5FD31CD}.Debug|Any CPU.Build.0 = Debug|Any CPU
		{2E30EF8C-FAED-4B28-9D85-104DC5FD31CD}.Release|Any CPU.ActiveCfg = Release|Any CPU
		{2E30EF8C-FAED-4B28-9D85-104DC5FD31CD}.Release|Any CPU.Build.0 = Release|Any CPU
		{DE807BE3-9C9E-474E-A7A1-261DE65CF191}.Debug|Any CPU.ActiveCfg = Debug|Any CPU
		{DE807BE3-9C9E-474E-A7A1-261DE65CF191}.Debug|Any CPU.Build.0 = Debug|Any CPU
		{DE807BE3-9C9E-474E-A7A1-261DE65CF191}.Release|Any CPU.ActiveCfg = Release|Any CPU
		{DE807BE3-9C9E-474E-A7A1-261DE65CF191}.Release|Any CPU.Build.0 = Release|Any CPU
		{56A44251-9FF7-4144-A145-F660DFDADCA7}.Debug|Any CPU.ActiveCfg = Debug|Any CPU
		{56A44251-9FF7-4144-A145-F660DFDADCA7}.Debug|Any CPU.Build.0 = Debug|Any CPU
		{56A44251-9FF7-4144-A145-F660DFDADCA7}.Release|Any CPU.ActiveCfg = Release|Any CPU
		{56A44251-9FF7-4144-A145-F660DFDADCA7}.Release|Any CPU.Build.0 = Release|Any CPU
		{78D59B79-0B43-4281-A121-8C1915A9BC9D}.Debug|Any CPU.ActiveCfg = Debug|Any CPU
		{78D59B79-0B43-4281-A121-8C1915A9BC9D}.Debug|Any CPU.Build.0 = Debug|Any CPU
		{78D59B79-0B43-4281-A121-8C1915A9BC9D}.Release|Any CPU.ActiveCfg = Release|Any CPU
		{78D59B79-0B43-4281-A121-8C1915A9BC9D}.Release|Any CPU.Build.0 = Release|Any CPU
		{22AD3BC5-6451-4A02-9FC2-BC307C0B500F}.Debug|Any CPU.ActiveCfg = Debug|Any CPU
		{22AD3BC5-6451-4A02-9FC2-BC307C0B500F}.Debug|Any CPU.Build.0 = Debug|Any CPU
		{22AD3BC5-6451-4A02-9FC2-BC307C0B500F}.Release|Any CPU.ActiveCfg = Release|Any CPU
		{22AD3BC5-6451-4A02-9FC2-BC307C0B500F}.Release|Any CPU.Build.0 = Release|Any CPU
		{52F95839-91F3-4BB6-948A-4BD4904609DC}.Debug|Any CPU.ActiveCfg = Debug|Any CPU
		{52F95839-91F3-4BB6-948A-4BD4904609DC}.Debug|Any CPU.Build.0 = Debug|Any CPU
		{52F95839-91F3-4BB6-948A-4BD4904609DC}.Release|Any CPU.ActiveCfg = Release|Any CPU
		{52F95839-91F3-4BB6-948A-4BD4904609DC}.Release|Any CPU.Build.0 = Release|Any CPU
		{B6254585-27B0-4C9F-9847-397AAE2A0F87}.Debug|Any CPU.ActiveCfg = Debug|Any CPU
		{B6254585-27B0-4C9F-9847-397AAE2A0F87}.Debug|Any CPU.Build.0 = Debug|Any CPU
		{B6254585-27B0-4C9F-9847-397AAE2A0F87}.Release|Any CPU.ActiveCfg = Release|Any CPU
		{B6254585-27B0-4C9F-9847-397AAE2A0F87}.Release|Any CPU.Build.0 = Release|Any CPU
		{63DA2454-374B-43CF-9946-34134D20225C}.Debug|Any CPU.ActiveCfg = Debug|Any CPU
		{63DA2454-374B-43CF-9946-34134D20225C}.Debug|Any CPU.Build.0 = Debug|Any CPU
		{63DA2454-374B-43CF-9946-34134D20225C}.Release|Any CPU.ActiveCfg = Release|Any CPU
		{63DA2454-374B-43CF-9946-34134D20225C}.Release|Any CPU.Build.0 = Release|Any CPU
		{412801F3-6032-48EF-A6B5-1FCDF5F1EB35}.Debug|Any CPU.ActiveCfg = Debug|Any CPU
		{412801F3-6032-48EF-A6B5-1FCDF5F1EB35}.Debug|Any CPU.Build.0 = Debug|Any CPU
		{412801F3-6032-48EF-A6B5-1FCDF5F1EB35}.Release|Any CPU.ActiveCfg = Release|Any CPU
		{412801F3-6032-48EF-A6B5-1FCDF5F1EB35}.Release|Any CPU.Build.0 = Release|Any CPU
		{035673B0-C4C3-49A1-BA0D-92D82BCFB231}.Debug|Any CPU.ActiveCfg = Debug|Any CPU
		{035673B0-C4C3-49A1-BA0D-92D82BCFB231}.Debug|Any CPU.Build.0 = Debug|Any CPU
		{035673B0-C4C3-49A1-BA0D-92D82BCFB231}.Release|Any CPU.ActiveCfg = Release|Any CPU
		{035673B0-C4C3-49A1-BA0D-92D82BCFB231}.Release|Any CPU.Build.0 = Release|Any CPU
		{701711A9-90DE-4A30-B79C-88288D4E029C}.Debug|Any CPU.ActiveCfg = Debug|Any CPU
		{701711A9-90DE-4A30-B79C-88288D4E029C}.Debug|Any CPU.Build.0 = Debug|Any CPU
		{701711A9-90DE-4A30-B79C-88288D4E029C}.Release|Any CPU.ActiveCfg = Release|Any CPU
		{701711A9-90DE-4A30-B79C-88288D4E029C}.Release|Any CPU.Build.0 = Release|Any CPU
		{8FE6DC51-6C93-4CE2-A035-B83179E9057A}.Debug|Any CPU.ActiveCfg = Debug|Any CPU
		{8FE6DC51-6C93-4CE2-A035-B83179E9057A}.Debug|Any CPU.Build.0 = Debug|Any CPU
		{8FE6DC51-6C93-4CE2-A035-B83179E9057A}.Release|Any CPU.ActiveCfg = Release|Any CPU
		{8FE6DC51-6C93-4CE2-A035-B83179E9057A}.Release|Any CPU.Build.0 = Release|Any CPU
		{1A84B94B-B06C-4357-AD8A-23F8608B2423}.Debug|Any CPU.ActiveCfg = Debug|Any CPU
		{1A84B94B-B06C-4357-AD8A-23F8608B2423}.Debug|Any CPU.Build.0 = Debug|Any CPU
		{1A84B94B-B06C-4357-AD8A-23F8608B2423}.Release|Any CPU.ActiveCfg = Release|Any CPU
		{1A84B94B-B06C-4357-AD8A-23F8608B2423}.Release|Any CPU.Build.0 = Release|Any CPU
		{22F248B5-CB91-4130-8468-1570F6B1AA21}.Debug|Any CPU.ActiveCfg = Debug|Any CPU
		{22F248B5-CB91-4130-8468-1570F6B1AA21}.Debug|Any CPU.Build.0 = Debug|Any CPU
		{22F248B5-CB91-4130-8468-1570F6B1AA21}.Release|Any CPU.ActiveCfg = Release|Any CPU
		{22F248B5-CB91-4130-8468-1570F6B1AA21}.Release|Any CPU.Build.0 = Release|Any CPU
		{88E7038D-C434-4BE7-B33F-F669E7A81912}.Debug|Any CPU.ActiveCfg = Debug|Any CPU
		{88E7038D-C434-4BE7-B33F-F669E7A81912}.Debug|Any CPU.Build.0 = Debug|Any CPU
		{88E7038D-C434-4BE7-B33F-F669E7A81912}.Release|Any CPU.ActiveCfg = Release|Any CPU
		{88E7038D-C434-4BE7-B33F-F669E7A81912}.Release|Any CPU.Build.0 = Release|Any CPU
		{FDC3D389-C593-4FB0-9CD8-C4EFB359A196}.Debug|Any CPU.ActiveCfg = Debug|Any CPU
		{FDC3D389-C593-4FB0-9CD8-C4EFB359A196}.Debug|Any CPU.Build.0 = Debug|Any CPU
		{FDC3D389-C593-4FB0-9CD8-C4EFB359A196}.Release|Any CPU.ActiveCfg = Release|Any CPU
		{FDC3D389-C593-4FB0-9CD8-C4EFB359A196}.Release|Any CPU.Build.0 = Release|Any CPU
		{A7901698-1788-491F-8D98-D7C6C730985F}.Debug|Any CPU.ActiveCfg = Debug|Any CPU
		{A7901698-1788-491F-8D98-D7C6C730985F}.Debug|Any CPU.Build.0 = Debug|Any CPU
		{A7901698-1788-491F-8D98-D7C6C730985F}.Release|Any CPU.ActiveCfg = Release|Any CPU
		{A7901698-1788-491F-8D98-D7C6C730985F}.Release|Any CPU.Build.0 = Release|Any CPU
		{4243CA3B-425E-49F2-A111-30A91946F39D}.Debug|Any CPU.ActiveCfg = Debug|Any CPU
		{4243CA3B-425E-49F2-A111-30A91946F39D}.Debug|Any CPU.Build.0 = Debug|Any CPU
		{4243CA3B-425E-49F2-A111-30A91946F39D}.Release|Any CPU.ActiveCfg = Release|Any CPU
		{4243CA3B-425E-49F2-A111-30A91946F39D}.Release|Any CPU.Build.0 = Release|Any CPU
		{238E0209-05B1-424F-AB1F-3436387B32DF}.Debug|Any CPU.ActiveCfg = Debug|Any CPU
		{238E0209-05B1-424F-AB1F-3436387B32DF}.Debug|Any CPU.Build.0 = Debug|Any CPU
		{238E0209-05B1-424F-AB1F-3436387B32DF}.Release|Any CPU.ActiveCfg = Release|Any CPU
		{238E0209-05B1-424F-AB1F-3436387B32DF}.Release|Any CPU.Build.0 = Release|Any CPU
		{6B0A496E-5117-436F-B954-FBB9EA49D358}.Debug|Any CPU.ActiveCfg = Debug|Any CPU
		{6B0A496E-5117-436F-B954-FBB9EA49D358}.Debug|Any CPU.Build.0 = Debug|Any CPU
		{6B0A496E-5117-436F-B954-FBB9EA49D358}.Release|Any CPU.ActiveCfg = Release|Any CPU
		{6B0A496E-5117-436F-B954-FBB9EA49D358}.Release|Any CPU.Build.0 = Release|Any CPU
		{C820AD4A-1F69-4691-BC8D-0C4F3165AF07}.Debug|Any CPU.ActiveCfg = Debug|Any CPU
		{C820AD4A-1F69-4691-BC8D-0C4F3165AF07}.Debug|Any CPU.Build.0 = Debug|Any CPU
		{C820AD4A-1F69-4691-BC8D-0C4F3165AF07}.Release|Any CPU.ActiveCfg = Release|Any CPU
		{C820AD4A-1F69-4691-BC8D-0C4F3165AF07}.Release|Any CPU.Build.0 = Release|Any CPU
		{2CD6EE56-8174-4EE1-BB85-C8BBF0A45F05}.Debug|Any CPU.ActiveCfg = Debug|Any CPU
		{2CD6EE56-8174-4EE1-BB85-C8BBF0A45F05}.Debug|Any CPU.Build.0 = Debug|Any CPU
		{2CD6EE56-8174-4EE1-BB85-C8BBF0A45F05}.Release|Any CPU.ActiveCfg = Release|Any CPU
		{2CD6EE56-8174-4EE1-BB85-C8BBF0A45F05}.Release|Any CPU.Build.0 = Release|Any CPU
	EndGlobalSection
	GlobalSection(SolutionProperties) = preSolution
		HideSolutionNode = FALSE
	EndGlobalSection
	GlobalSection(ExtensibilityGlobals) = postSolution
		SolutionGuid = {8F7FB747-DEBA-4230-9D59-11DC3F3FAF50}
	EndGlobalSection
EndGlobal
