
Microsoft Visual Studio Solution File, Format Version 12.00
# Visual Studio 15
VisualStudioVersion = 15.0.26730.8
MinimumVisualStudioVersion = 10.0.40219.1
Project("{9A19103F-16F7-4668-BE54-9A1E7A4F7556}") = "Pimix", "src\Pimix\Pimix.csproj", "{6E1E7ED5-1DED-4543-9E71-6AF74EE90F4A}"
EndProject
Project("{9A19103F-16F7-4668-BE54-9A1E7A4F7556}") = "Pimix.IO", "src\Pimix.IO\Pimix.IO.csproj", "{224429E0-2CC0-4D0C-A599-C311C1BEA819}"
EndProject
Project("{9A19103F-16F7-4668-BE54-9A1E7A4F7556}") = "Pimix.Service", "src\Pimix.Service\Pimix.Service.csproj", "{14523B38-BC5E-4D14-A2DE-C4E47DBC1F92}"
EndProject
Project("{9A19103F-16F7-4668-BE54-9A1E7A4F7556}") = "Pimix.IO.FileFormats", "src\Pimix.IO.FileFormats\Pimix.IO.FileFormats.csproj", "{F303C16E-D5DD-4453-818A-3926F7F9C8EA}"
EndProject
Project("{9A19103F-16F7-4668-BE54-9A1E7A4F7556}") = "Pimix.Cryptography", "src\Pimix.Cryptography\Pimix.Cryptography.csproj", "{D24F82E0-2851-4564-9A1E-13CE7C9B8567}"
EndProject
Project("{9A19103F-16F7-4668-BE54-9A1E7A4F7556}") = "Pimix.Cloud.BaiduCloud", "src\Pimix.Cloud.BaiduCloud\Pimix.Cloud.BaiduCloud.csproj", "{7DEB0798-1264-440A-AAD2-F6CEE1F10D5A}"
EndProject
Project("{9A19103F-16F7-4668-BE54-9A1E7A4F7556}") = "Pimix.Cloud.MegaNz", "src\Pimix.Cloud.MegaNz\Pimix.Cloud.MegaNz.csproj", "{1D344A63-9D06-46DE-8EED-9575E2CFC4F0}"
EndProject
Project("{9A19103F-16F7-4668-BE54-9A1E7A4F7556}") = "PimixTest.IO", "tests\PimixTest.IO\PimixTest.IO.csproj", "{CBA70C35-4E96-439D-A2F9-13F57F05DCD5}"
EndProject
Project("{9A19103F-16F7-4668-BE54-9A1E7A4F7556}") = "PimixTest.Cloud.BaiduCloud", "tests\PimixTest.Cloud.BaiduCloud\PimixTest.Cloud.BaiduCloud.csproj", "{41F72EE5-9A64-4A27-A1CC-575D8A9A495D}"
EndProject
Project("{9A19103F-16F7-4668-BE54-9A1E7A4F7556}") = "PimixTest.Cloud.MegaNz", "tests\PimixTest.Cloud.MegaNz\PimixTest.Cloud.MegaNz.csproj", "{ABCA6615-FF57-452B-AEBF-6CA6EE98BDD3}"
EndProject
Project("{9A19103F-16F7-4668-BE54-9A1E7A4F7556}") = "Pimix.Apps.JobUtil", "src\Pimix.Apps.JobUtil\Pimix.Apps.JobUtil.csproj", "{AA48DD43-1AB2-4625-8CDD-9DE10A334F37}"
EndProject
Project("{9A19103F-16F7-4668-BE54-9A1E7A4F7556}") = "Pimix.Apps.FileUtil", "src\Pimix.Apps.FileUtil\Pimix.Apps.FileUtil.csproj", "{FA56DE78-275B-453E-B241-4AE0C2E43C27}"
EndProject
Project("{9A19103F-16F7-4668-BE54-9A1E7A4F7556}") = "Pimix.Api.Files", "src\Pimix.Api.Files\Pimix.Api.Files.csproj", "{A1FCD94B-1107-4404-8A66-109537B2D6DA}"
EndProject
Project("{FAE04EC0-301F-11D3-BF4B-00C04F79EFBC}") = "Pimix.Cloud.GoogleDrive", "src\Pimix.Cloud.GoogleDrive\Pimix.Cloud.GoogleDrive.csproj", "{4BBA747F-6EEC-47BB-9A88-EDFFE88E00AA}"
EndProject
Project("{FAE04EC0-301F-11D3-BF4B-00C04F79EFBC}") = "PimixTest.Cloud.GoogleDrive", "tests\PimixTest.Cloud.GoogleDrive\PimixTest.Cloud.GoogleDrive.csproj", "{359007A6-3F48-456A-AF9C-75F51B3A4F3D}"
EndProject
Project("{FAE04EC0-301F-11D3-BF4B-00C04F79EFBC}") = "Pimix.Subtitle", "src\Pimix.Subtitle\Pimix.Subtitle.csproj", "{3968EDD4-8D7D-4D19-BA91-2CF51D89E21F}"
EndProject
Project("{FAE04EC0-301F-11D3-BF4B-00C04F79EFBC}") = "Pimix.Bilibili", "src\Pimix.Bilibili\Pimix.Bilibili.csproj", "{92F48950-18F4-4891-8114-47847E0063B4}"
EndProject
Project("{FAE04EC0-301F-11D3-BF4B-00C04F79EFBC}") = "PimixTest.Bilibili", "tests\PimixTest.Bilibili\PimixTest.Bilibili.csproj", "{3C28CDD6-2DF6-4761-ABC7-989B48DAC736}"
EndProject
Project("{FAE04EC0-301F-11D3-BF4B-00C04F79EFBC}") = "Pimix.Apps.SubUtil", "src\Pimix.Apps.SubUtil\Pimix.Apps.SubUtil.csproj", "{4B103459-90B8-4F4A-93EF-D594D24B58F9}"
EndProject
Project("{FAE04EC0-301F-11D3-BF4B-00C04F79EFBC}") = "Pimix.Configs", "src\Pimix.Configs\Pimix.Configs.csproj", "{EF17EA06-8245-49DF-B74A-098856EA9754}"
EndProject
Project("{FAE04EC0-301F-11D3-BF4B-00C04F79EFBC}") = "PimixTest.Configs", "tests\PimixTest.Configs\PimixTest.Configs.csproj", "{6144F201-F164-4AB1-9A45-35764710FCF7}"
EndProject
Project("{FAE04EC0-301F-11D3-BF4B-00C04F79EFBC}") = "PimixTest.Subtitle", "tests\PimixTest.Subtitle\PimixTest.Subtitle.csproj", "{B7B90EB1-FFEA-4B1D-A613-8A62CCDC4AD2}"
EndProject
Project("{FAE04EC0-301F-11D3-BF4B-00C04F79EFBC}") = "Pimix.Web.Api", "src\Pimix.Web.Api\Pimix.Web.Api.csproj", "{2339CF48-0F55-4432-A6F0-5E38FB8AFDC4}"
EndProject
Project("{FAE04EC0-301F-11D3-BF4B-00C04F79EFBC}") = "PimixTest.Service", "tests\PimixTest.Service\PimixTest.Service.csproj", "{78DFBF6C-5A6E-4C22-911F-7EAFA3FD91B2}"
EndProject
Project("{FAE04EC0-301F-11D3-BF4B-00C04F79EFBC}") = "Pimix.Apps.MongoUtil", "src\Pimix.Apps.MongoUtil\Pimix.Apps.MongoUtil.csproj", "{D784E571-A2D4-46BB-AA37-DCB11F2079D4}"
EndProject
Project("{FAE04EC0-301F-11D3-BF4B-00C04F79EFBC}") = "Pimix.Apps.BiliUtil", "src\Pimix.Apps.BiliUtil\Pimix.Apps.BiliUtil.csproj", "{97D0B607-7960-4B35-BBDF-9CE2410691B3}"
EndProject
Project("{FAE04EC0-301F-11D3-BF4B-00C04F79EFBC}") = "Pimix.Apps", "src\Pimix.Apps\Pimix.Apps.csproj", "{6FA4C189-49C0-4913-9206-FA5D7F89F1E6}"
EndProject
Project("{FAE04EC0-301F-11D3-BF4B-00C04F79EFBC}") = "Pimix.Infos", "src\Pimix.Infos\Pimix.Infos.csproj", "{572327E1-2C76-4253-BB97-44A7B43F0AD5}"
EndProject
Project("{FAE04EC0-301F-11D3-BF4B-00C04F79EFBC}") = "PimixTest.Infos", "tests\PimixTest.Infos\PimixTest.Infos.csproj", "{822FE2EA-D14A-44A4-BDF4-B35B0BBFF6E5}"
EndProject
Project("{FAE04EC0-301F-11D3-BF4B-00C04F79EFBC}") = "Pimix.Benchmarks", "benchmarks\Pimix.Benchmarks\Pimix.Benchmarks.csproj", "{3186AB8A-24DF-4134-92AC-37D3448BF648}"
EndProject
Project("{FAE04EC0-301F-11D3-BF4B-00C04F79EFBC}") = "PimixTest.IO.FileFormats", "tests\PimixTest.IO.FileFormats\PimixTest.IO.FileFormats.csproj", "{386607A9-3CF8-4844-A6D7-C7D2C200877D}"
EndProject
Project("{FAE04EC0-301F-11D3-BF4B-00C04F79EFBC}") = "PimixTest.Cryptography", "tests\PimixTest.Cryptography\PimixTest.Cryptography.csproj", "{2D426E84-DDDD-4548-ACBF-BD4F8944D9C4}"
EndProject
Project("{FAE04EC0-301F-11D3-BF4B-00C04F79EFBC}") = "Pimix.Cloud.Swisscom", "src\Pimix.Cloud.Swisscom\Pimix.Cloud.Swisscom.csproj", "{2E30EF8C-FAED-4B28-9D85-104DC5FD31CD}"
EndProject
Project("{FAE04EC0-301F-11D3-BF4B-00C04F79EFBC}") = "Pimix.Games.BreathOfTheWild", "src\Pimix.Games.BreathOfTheWild\Pimix.Games.BreathOfTheWild.csproj", "{DE807BE3-9C9E-474E-A7A1-261DE65CF191}"
EndProject
Project("{FAE04EC0-301F-11D3-BF4B-00C04F79EFBC}") = "PimixTest.Cloud.Swisscom", "tests\PimixTest.Cloud.Swisscom\PimixTest.Cloud.Swisscom.csproj", "{56A44251-9FF7-4144-A145-F660DFDADCA7}"
EndProject
Project("{FAE04EC0-301F-11D3-BF4B-00C04F79EFBC}") = "Pimix.Games.Files", "src\Pimix.Games.Files\Pimix.Games.Files.csproj", "{78D59B79-0B43-4281-A121-8C1915A9BC9D}"
EndProject
Project("{FAE04EC0-301F-11D3-BF4B-00C04F79EFBC}") = "Pimix.Languages.German", "src\Pimix.Languages.German\Pimix.Languages.German.csproj", "{15292670-AC73-4E6F-8F72-1B6CF2C48767}"
EndProject
Project("{FAE04EC0-301F-11D3-BF4B-00C04F79EFBC}") = "PimixTest.Languages.German", "tests\PimixTest.Languages.German\PimixTest.Languages.German.csproj", "{22AD3BC5-6451-4A02-9FC2-BC307C0B500F}"
EndProject
Project("{FAE04EC0-301F-11D3-BF4B-00C04F79EFBC}") = "Pimix.Apps.NoteUtil", "src\Pimix.Apps.NoteUtil\Pimix.Apps.NoteUtil.csproj", "{52F95839-91F3-4BB6-948A-4BD4904609DC}"
EndProject
Project("{FAE04EC0-301F-11D3-BF4B-00C04F79EFBC}") = "Pimix.Languages", "src\Pimix.Languages\Pimix.Languages.csproj", "{B6254585-27B0-4C9F-9847-397AAE2A0F87}"
EndProject
Project("{FAE04EC0-301F-11D3-BF4B-00C04F79EFBC}") = "Pimix.Music", "src\Pimix.Music\Pimix.Music.csproj", "{63DA2454-374B-43CF-9946-34134D20225C}"
EndProject
Project("{FAE04EC0-301F-11D3-BF4B-00C04F79EFBC}") = "Pimix.Mito.Dmm", "src\Pimix.Mito.Dmm\Pimix.Mito.Dmm.csproj", "{856AFAAF-6DAD-41EC-B44B-ED71C5C2D64D}"
EndProject
Project("{FAE04EC0-301F-11D3-BF4B-00C04F79EFBC}") = "Pimix.Mito", "src\Pimix.Mito\Pimix.Mito.csproj", "{D3318132-B9A6-4FDD-AE31-D5876DF06024}"
EndProject
Global
	GlobalSection(SolutionConfigurationPlatforms) = preSolution
		Debug|Any CPU = Debug|Any CPU
		Release|Any CPU = Release|Any CPU
	EndGlobalSection
	GlobalSection(ProjectConfigurationPlatforms) = postSolution
		{6E1E7ED5-1DED-4543-9E71-6AF74EE90F4A}.Debug|Any CPU.ActiveCfg = Debug|Any CPU
		{6E1E7ED5-1DED-4543-9E71-6AF74EE90F4A}.Debug|Any CPU.Build.0 = Debug|Any CPU
		{6E1E7ED5-1DED-4543-9E71-6AF74EE90F4A}.Release|Any CPU.ActiveCfg = Release|Any CPU
		{6E1E7ED5-1DED-4543-9E71-6AF74EE90F4A}.Release|Any CPU.Build.0 = Release|Any CPU
		{224429E0-2CC0-4D0C-A599-C311C1BEA819}.Debug|Any CPU.ActiveCfg = Debug|Any CPU
		{224429E0-2CC0-4D0C-A599-C311C1BEA819}.Debug|Any CPU.Build.0 = Debug|Any CPU
		{224429E0-2CC0-4D0C-A599-C311C1BEA819}.Release|Any CPU.ActiveCfg = Release|Any CPU
		{224429E0-2CC0-4D0C-A599-C311C1BEA819}.Release|Any CPU.Build.0 = Release|Any CPU
		{14523B38-BC5E-4D14-A2DE-C4E47DBC1F92}.Debug|Any CPU.ActiveCfg = Debug|Any CPU
		{14523B38-BC5E-4D14-A2DE-C4E47DBC1F92}.Debug|Any CPU.Build.0 = Debug|Any CPU
		{14523B38-BC5E-4D14-A2DE-C4E47DBC1F92}.Release|Any CPU.ActiveCfg = Release|Any CPU
		{14523B38-BC5E-4D14-A2DE-C4E47DBC1F92}.Release|Any CPU.Build.0 = Release|Any CPU
		{F303C16E-D5DD-4453-818A-3926F7F9C8EA}.Debug|Any CPU.ActiveCfg = Debug|Any CPU
		{F303C16E-D5DD-4453-818A-3926F7F9C8EA}.Debug|Any CPU.Build.0 = Debug|Any CPU
		{F303C16E-D5DD-4453-818A-3926F7F9C8EA}.Release|Any CPU.ActiveCfg = Release|Any CPU
		{F303C16E-D5DD-4453-818A-3926F7F9C8EA}.Release|Any CPU.Build.0 = Release|Any CPU
		{D24F82E0-2851-4564-9A1E-13CE7C9B8567}.Debug|Any CPU.ActiveCfg = Debug|Any CPU
		{D24F82E0-2851-4564-9A1E-13CE7C9B8567}.Debug|Any CPU.Build.0 = Debug|Any CPU
		{D24F82E0-2851-4564-9A1E-13CE7C9B8567}.Release|Any CPU.ActiveCfg = Release|Any CPU
		{D24F82E0-2851-4564-9A1E-13CE7C9B8567}.Release|Any CPU.Build.0 = Release|Any CPU
		{7DEB0798-1264-440A-AAD2-F6CEE1F10D5A}.Debug|Any CPU.ActiveCfg = Debug|Any CPU
		{7DEB0798-1264-440A-AAD2-F6CEE1F10D5A}.Debug|Any CPU.Build.0 = Debug|Any CPU
		{7DEB0798-1264-440A-AAD2-F6CEE1F10D5A}.Release|Any CPU.ActiveCfg = Release|Any CPU
		{7DEB0798-1264-440A-AAD2-F6CEE1F10D5A}.Release|Any CPU.Build.0 = Release|Any CPU
		{1D344A63-9D06-46DE-8EED-9575E2CFC4F0}.Debug|Any CPU.ActiveCfg = Debug|Any CPU
		{1D344A63-9D06-46DE-8EED-9575E2CFC4F0}.Debug|Any CPU.Build.0 = Debug|Any CPU
		{1D344A63-9D06-46DE-8EED-9575E2CFC4F0}.Release|Any CPU.ActiveCfg = Release|Any CPU
		{1D344A63-9D06-46DE-8EED-9575E2CFC4F0}.Release|Any CPU.Build.0 = Release|Any CPU
		{CBA70C35-4E96-439D-A2F9-13F57F05DCD5}.Debug|Any CPU.ActiveCfg = Debug|Any CPU
		{CBA70C35-4E96-439D-A2F9-13F57F05DCD5}.Debug|Any CPU.Build.0 = Debug|Any CPU
		{CBA70C35-4E96-439D-A2F9-13F57F05DCD5}.Release|Any CPU.ActiveCfg = Release|Any CPU
		{CBA70C35-4E96-439D-A2F9-13F57F05DCD5}.Release|Any CPU.Build.0 = Release|Any CPU
		{41F72EE5-9A64-4A27-A1CC-575D8A9A495D}.Debug|Any CPU.ActiveCfg = Debug|Any CPU
		{41F72EE5-9A64-4A27-A1CC-575D8A9A495D}.Debug|Any CPU.Build.0 = Debug|Any CPU
		{41F72EE5-9A64-4A27-A1CC-575D8A9A495D}.Release|Any CPU.ActiveCfg = Release|Any CPU
		{41F72EE5-9A64-4A27-A1CC-575D8A9A495D}.Release|Any CPU.Build.0 = Release|Any CPU
		{ABCA6615-FF57-452B-AEBF-6CA6EE98BDD3}.Debug|Any CPU.ActiveCfg = Debug|Any CPU
		{ABCA6615-FF57-452B-AEBF-6CA6EE98BDD3}.Debug|Any CPU.Build.0 = Debug|Any CPU
		{ABCA6615-FF57-452B-AEBF-6CA6EE98BDD3}.Release|Any CPU.ActiveCfg = Release|Any CPU
		{ABCA6615-FF57-452B-AEBF-6CA6EE98BDD3}.Release|Any CPU.Build.0 = Release|Any CPU
		{AA48DD43-1AB2-4625-8CDD-9DE10A334F37}.Debug|Any CPU.ActiveCfg = Debug|Any CPU
		{AA48DD43-1AB2-4625-8CDD-9DE10A334F37}.Debug|Any CPU.Build.0 = Debug|Any CPU
		{AA48DD43-1AB2-4625-8CDD-9DE10A334F37}.Release|Any CPU.ActiveCfg = Release|Any CPU
		{AA48DD43-1AB2-4625-8CDD-9DE10A334F37}.Release|Any CPU.Build.0 = Release|Any CPU
		{FA56DE78-275B-453E-B241-4AE0C2E43C27}.Debug|Any CPU.ActiveCfg = Debug|Any CPU
		{FA56DE78-275B-453E-B241-4AE0C2E43C27}.Debug|Any CPU.Build.0 = Debug|Any CPU
		{FA56DE78-275B-453E-B241-4AE0C2E43C27}.Release|Any CPU.ActiveCfg = Release|Any CPU
		{FA56DE78-275B-453E-B241-4AE0C2E43C27}.Release|Any CPU.Build.0 = Release|Any CPU
		{A1FCD94B-1107-4404-8A66-109537B2D6DA}.Debug|Any CPU.ActiveCfg = Debug|Any CPU
		{A1FCD94B-1107-4404-8A66-109537B2D6DA}.Debug|Any CPU.Build.0 = Debug|Any CPU
		{A1FCD94B-1107-4404-8A66-109537B2D6DA}.Release|Any CPU.ActiveCfg = Release|Any CPU
		{A1FCD94B-1107-4404-8A66-109537B2D6DA}.Release|Any CPU.Build.0 = Release|Any CPU
		{4BBA747F-6EEC-47BB-9A88-EDFFE88E00AA}.Debug|Any CPU.ActiveCfg = Debug|Any CPU
		{4BBA747F-6EEC-47BB-9A88-EDFFE88E00AA}.Debug|Any CPU.Build.0 = Debug|Any CPU
		{4BBA747F-6EEC-47BB-9A88-EDFFE88E00AA}.Release|Any CPU.ActiveCfg = Release|Any CPU
		{4BBA747F-6EEC-47BB-9A88-EDFFE88E00AA}.Release|Any CPU.Build.0 = Release|Any CPU
		{359007A6-3F48-456A-AF9C-75F51B3A4F3D}.Debug|Any CPU.ActiveCfg = Debug|Any CPU
		{359007A6-3F48-456A-AF9C-75F51B3A4F3D}.Debug|Any CPU.Build.0 = Debug|Any CPU
		{359007A6-3F48-456A-AF9C-75F51B3A4F3D}.Release|Any CPU.ActiveCfg = Release|Any CPU
		{359007A6-3F48-456A-AF9C-75F51B3A4F3D}.Release|Any CPU.Build.0 = Release|Any CPU
		{3968EDD4-8D7D-4D19-BA91-2CF51D89E21F}.Debug|Any CPU.ActiveCfg = Debug|Any CPU
		{3968EDD4-8D7D-4D19-BA91-2CF51D89E21F}.Debug|Any CPU.Build.0 = Debug|Any CPU
		{3968EDD4-8D7D-4D19-BA91-2CF51D89E21F}.Release|Any CPU.ActiveCfg = Release|Any CPU
		{3968EDD4-8D7D-4D19-BA91-2CF51D89E21F}.Release|Any CPU.Build.0 = Release|Any CPU
		{92F48950-18F4-4891-8114-47847E0063B4}.Debug|Any CPU.ActiveCfg = Debug|Any CPU
		{92F48950-18F4-4891-8114-47847E0063B4}.Debug|Any CPU.Build.0 = Debug|Any CPU
		{92F48950-18F4-4891-8114-47847E0063B4}.Release|Any CPU.ActiveCfg = Release|Any CPU
		{92F48950-18F4-4891-8114-47847E0063B4}.Release|Any CPU.Build.0 = Release|Any CPU
		{3C28CDD6-2DF6-4761-ABC7-989B48DAC736}.Debug|Any CPU.ActiveCfg = Debug|Any CPU
		{3C28CDD6-2DF6-4761-ABC7-989B48DAC736}.Debug|Any CPU.Build.0 = Debug|Any CPU
		{3C28CDD6-2DF6-4761-ABC7-989B48DAC736}.Release|Any CPU.ActiveCfg = Release|Any CPU
		{3C28CDD6-2DF6-4761-ABC7-989B48DAC736}.Release|Any CPU.Build.0 = Release|Any CPU
		{4B103459-90B8-4F4A-93EF-D594D24B58F9}.Debug|Any CPU.ActiveCfg = Debug|Any CPU
		{4B103459-90B8-4F4A-93EF-D594D24B58F9}.Debug|Any CPU.Build.0 = Debug|Any CPU
		{4B103459-90B8-4F4A-93EF-D594D24B58F9}.Release|Any CPU.ActiveCfg = Release|Any CPU
		{4B103459-90B8-4F4A-93EF-D594D24B58F9}.Release|Any CPU.Build.0 = Release|Any CPU
		{EF17EA06-8245-49DF-B74A-098856EA9754}.Debug|Any CPU.ActiveCfg = Debug|Any CPU
		{EF17EA06-8245-49DF-B74A-098856EA9754}.Debug|Any CPU.Build.0 = Debug|Any CPU
		{EF17EA06-8245-49DF-B74A-098856EA9754}.Release|Any CPU.ActiveCfg = Release|Any CPU
		{EF17EA06-8245-49DF-B74A-098856EA9754}.Release|Any CPU.Build.0 = Release|Any CPU
		{6144F201-F164-4AB1-9A45-35764710FCF7}.Debug|Any CPU.ActiveCfg = Debug|Any CPU
		{6144F201-F164-4AB1-9A45-35764710FCF7}.Debug|Any CPU.Build.0 = Debug|Any CPU
		{6144F201-F164-4AB1-9A45-35764710FCF7}.Release|Any CPU.ActiveCfg = Release|Any CPU
		{6144F201-F164-4AB1-9A45-35764710FCF7}.Release|Any CPU.Build.0 = Release|Any CPU
		{B7B90EB1-FFEA-4B1D-A613-8A62CCDC4AD2}.Debug|Any CPU.ActiveCfg = Debug|Any CPU
		{B7B90EB1-FFEA-4B1D-A613-8A62CCDC4AD2}.Debug|Any CPU.Build.0 = Debug|Any CPU
		{B7B90EB1-FFEA-4B1D-A613-8A62CCDC4AD2}.Release|Any CPU.ActiveCfg = Release|Any CPU
		{B7B90EB1-FFEA-4B1D-A613-8A62CCDC4AD2}.Release|Any CPU.Build.0 = Release|Any CPU
		{2339CF48-0F55-4432-A6F0-5E38FB8AFDC4}.Debug|Any CPU.ActiveCfg = Debug|Any CPU
		{2339CF48-0F55-4432-A6F0-5E38FB8AFDC4}.Debug|Any CPU.Build.0 = Debug|Any CPU
		{2339CF48-0F55-4432-A6F0-5E38FB8AFDC4}.Release|Any CPU.ActiveCfg = Release|Any CPU
		{2339CF48-0F55-4432-A6F0-5E38FB8AFDC4}.Release|Any CPU.Build.0 = Release|Any CPU
		{78DFBF6C-5A6E-4C22-911F-7EAFA3FD91B2}.Debug|Any CPU.ActiveCfg = Debug|Any CPU
		{78DFBF6C-5A6E-4C22-911F-7EAFA3FD91B2}.Debug|Any CPU.Build.0 = Debug|Any CPU
		{78DFBF6C-5A6E-4C22-911F-7EAFA3FD91B2}.Release|Any CPU.ActiveCfg = Release|Any CPU
		{78DFBF6C-5A6E-4C22-911F-7EAFA3FD91B2}.Release|Any CPU.Build.0 = Release|Any CPU
		{D784E571-A2D4-46BB-AA37-DCB11F2079D4}.Debug|Any CPU.ActiveCfg = Debug|Any CPU
		{D784E571-A2D4-46BB-AA37-DCB11F2079D4}.Debug|Any CPU.Build.0 = Debug|Any CPU
		{D784E571-A2D4-46BB-AA37-DCB11F2079D4}.Release|Any CPU.ActiveCfg = Release|Any CPU
		{D784E571-A2D4-46BB-AA37-DCB11F2079D4}.Release|Any CPU.Build.0 = Release|Any CPU
		{97D0B607-7960-4B35-BBDF-9CE2410691B3}.Debug|Any CPU.ActiveCfg = Debug|Any CPU
		{97D0B607-7960-4B35-BBDF-9CE2410691B3}.Debug|Any CPU.Build.0 = Debug|Any CPU
		{97D0B607-7960-4B35-BBDF-9CE2410691B3}.Release|Any CPU.ActiveCfg = Release|Any CPU
		{97D0B607-7960-4B35-BBDF-9CE2410691B3}.Release|Any CPU.Build.0 = Release|Any CPU
		{6FA4C189-49C0-4913-9206-FA5D7F89F1E6}.Debug|Any CPU.ActiveCfg = Debug|Any CPU
		{6FA4C189-49C0-4913-9206-FA5D7F89F1E6}.Debug|Any CPU.Build.0 = Debug|Any CPU
		{6FA4C189-49C0-4913-9206-FA5D7F89F1E6}.Release|Any CPU.ActiveCfg = Release|Any CPU
		{6FA4C189-49C0-4913-9206-FA5D7F89F1E6}.Release|Any CPU.Build.0 = Release|Any CPU
		{572327E1-2C76-4253-BB97-44A7B43F0AD5}.Debug|Any CPU.ActiveCfg = Debug|Any CPU
		{572327E1-2C76-4253-BB97-44A7B43F0AD5}.Debug|Any CPU.Build.0 = Debug|Any CPU
		{572327E1-2C76-4253-BB97-44A7B43F0AD5}.Release|Any CPU.ActiveCfg = Release|Any CPU
		{572327E1-2C76-4253-BB97-44A7B43F0AD5}.Release|Any CPU.Build.0 = Release|Any CPU
		{822FE2EA-D14A-44A4-BDF4-B35B0BBFF6E5}.Debug|Any CPU.ActiveCfg = Debug|Any CPU
		{822FE2EA-D14A-44A4-BDF4-B35B0BBFF6E5}.Debug|Any CPU.Build.0 = Debug|Any CPU
		{822FE2EA-D14A-44A4-BDF4-B35B0BBFF6E5}.Release|Any CPU.ActiveCfg = Release|Any CPU
		{822FE2EA-D14A-44A4-BDF4-B35B0BBFF6E5}.Release|Any CPU.Build.0 = Release|Any CPU
		{3186AB8A-24DF-4134-92AC-37D3448BF648}.Debug|Any CPU.ActiveCfg = Debug|Any CPU
		{3186AB8A-24DF-4134-92AC-37D3448BF648}.Debug|Any CPU.Build.0 = Debug|Any CPU
		{3186AB8A-24DF-4134-92AC-37D3448BF648}.Release|Any CPU.ActiveCfg = Release|Any CPU
		{3186AB8A-24DF-4134-92AC-37D3448BF648}.Release|Any CPU.Build.0 = Release|Any CPU
		{386607A9-3CF8-4844-A6D7-C7D2C200877D}.Debug|Any CPU.ActiveCfg = Debug|Any CPU
		{386607A9-3CF8-4844-A6D7-C7D2C200877D}.Debug|Any CPU.Build.0 = Debug|Any CPU
		{386607A9-3CF8-4844-A6D7-C7D2C200877D}.Release|Any CPU.ActiveCfg = Release|Any CPU
		{386607A9-3CF8-4844-A6D7-C7D2C200877D}.Release|Any CPU.Build.0 = Release|Any CPU
		{2D426E84-DDDD-4548-ACBF-BD4F8944D9C4}.Debug|Any CPU.ActiveCfg = Debug|Any CPU
		{2D426E84-DDDD-4548-ACBF-BD4F8944D9C4}.Debug|Any CPU.Build.0 = Debug|Any CPU
		{2D426E84-DDDD-4548-ACBF-BD4F8944D9C4}.Release|Any CPU.ActiveCfg = Release|Any CPU
		{2D426E84-DDDD-4548-ACBF-BD4F8944D9C4}.Release|Any CPU.Build.0 = Release|Any CPU
		{2E30EF8C-FAED-4B28-9D85-104DC5FD31CD}.Debug|Any CPU.ActiveCfg = Debug|Any CPU
		{2E30EF8C-FAED-4B28-9D85-104DC5FD31CD}.Debug|Any CPU.Build.0 = Debug|Any CPU
		{2E30EF8C-FAED-4B28-9D85-104DC5FD31CD}.Release|Any CPU.ActiveCfg = Release|Any CPU
		{2E30EF8C-FAED-4B28-9D85-104DC5FD31CD}.Release|Any CPU.Build.0 = Release|Any CPU
		{DE807BE3-9C9E-474E-A7A1-261DE65CF191}.Debug|Any CPU.ActiveCfg = Debug|Any CPU
		{DE807BE3-9C9E-474E-A7A1-261DE65CF191}.Debug|Any CPU.Build.0 = Debug|Any CPU
		{DE807BE3-9C9E-474E-A7A1-261DE65CF191}.Release|Any CPU.ActiveCfg = Release|Any CPU
		{DE807BE3-9C9E-474E-A7A1-261DE65CF191}.Release|Any CPU.Build.0 = Release|Any CPU
		{56A44251-9FF7-4144-A145-F660DFDADCA7}.Debug|Any CPU.ActiveCfg = Debug|Any CPU
		{56A44251-9FF7-4144-A145-F660DFDADCA7}.Debug|Any CPU.Build.0 = Debug|Any CPU
		{56A44251-9FF7-4144-A145-F660DFDADCA7}.Release|Any CPU.ActiveCfg = Release|Any CPU
		{56A44251-9FF7-4144-A145-F660DFDADCA7}.Release|Any CPU.Build.0 = Release|Any CPU
		{78D59B79-0B43-4281-A121-8C1915A9BC9D}.Debug|Any CPU.ActiveCfg = Debug|Any CPU
		{78D59B79-0B43-4281-A121-8C1915A9BC9D}.Debug|Any CPU.Build.0 = Debug|Any CPU
		{78D59B79-0B43-4281-A121-8C1915A9BC9D}.Release|Any CPU.ActiveCfg = Release|Any CPU
		{78D59B79-0B43-4281-A121-8C1915A9BC9D}.Release|Any CPU.Build.0 = Release|Any CPU
		{15292670-AC73-4E6F-8F72-1B6CF2C48767}.Debug|Any CPU.ActiveCfg = Debug|Any CPU
		{15292670-AC73-4E6F-8F72-1B6CF2C48767}.Debug|Any CPU.Build.0 = Debug|Any CPU
		{15292670-AC73-4E6F-8F72-1B6CF2C48767}.Release|Any CPU.ActiveCfg = Release|Any CPU
		{15292670-AC73-4E6F-8F72-1B6CF2C48767}.Release|Any CPU.Build.0 = Release|Any CPU
		{22AD3BC5-6451-4A02-9FC2-BC307C0B500F}.Debug|Any CPU.ActiveCfg = Debug|Any CPU
		{22AD3BC5-6451-4A02-9FC2-BC307C0B500F}.Debug|Any CPU.Build.0 = Debug|Any CPU
		{22AD3BC5-6451-4A02-9FC2-BC307C0B500F}.Release|Any CPU.ActiveCfg = Release|Any CPU
		{22AD3BC5-6451-4A02-9FC2-BC307C0B500F}.Release|Any CPU.Build.0 = Release|Any CPU
		{52F95839-91F3-4BB6-948A-4BD4904609DC}.Debug|Any CPU.ActiveCfg = Debug|Any CPU
		{52F95839-91F3-4BB6-948A-4BD4904609DC}.Debug|Any CPU.Build.0 = Debug|Any CPU
		{52F95839-91F3-4BB6-948A-4BD4904609DC}.Release|Any CPU.ActiveCfg = Release|Any CPU
		{52F95839-91F3-4BB6-948A-4BD4904609DC}.Release|Any CPU.Build.0 = Release|Any CPU
		{B6254585-27B0-4C9F-9847-397AAE2A0F87}.Debug|Any CPU.ActiveCfg = Debug|Any CPU
		{B6254585-27B0-4C9F-9847-397AAE2A0F87}.Debug|Any CPU.Build.0 = Debug|Any CPU
		{B6254585-27B0-4C9F-9847-397AAE2A0F87}.Release|Any CPU.ActiveCfg = Release|Any CPU
		{B6254585-27B0-4C9F-9847-397AAE2A0F87}.Release|Any CPU.Build.0 = Release|Any CPU
		{63DA2454-374B-43CF-9946-34134D20225C}.Debug|Any CPU.ActiveCfg = Debug|Any CPU
		{63DA2454-374B-43CF-9946-34134D20225C}.Debug|Any CPU.Build.0 = Debug|Any CPU
		{63DA2454-374B-43CF-9946-34134D20225C}.Release|Any CPU.ActiveCfg = Release|Any CPU
		{63DA2454-374B-43CF-9946-34134D20225C}.Release|Any CPU.Build.0 = Release|Any CPU
		{856AFAAF-6DAD-41EC-B44B-ED71C5C2D64D}.Debug|Any CPU.ActiveCfg = Debug|Any CPU
		{856AFAAF-6DAD-41EC-B44B-ED71C5C2D64D}.Debug|Any CPU.Build.0 = Debug|Any CPU
		{856AFAAF-6DAD-41EC-B44B-ED71C5C2D64D}.Release|Any CPU.ActiveCfg = Release|Any CPU
		{856AFAAF-6DAD-41EC-B44B-ED71C5C2D64D}.Release|Any CPU.Build.0 = Release|Any CPU
		{D3318132-B9A6-4FDD-AE31-D5876DF06024}.Debug|Any CPU.ActiveCfg = Debug|Any CPU
		{D3318132-B9A6-4FDD-AE31-D5876DF06024}.Debug|Any CPU.Build.0 = Debug|Any CPU
		{D3318132-B9A6-4FDD-AE31-D5876DF06024}.Release|Any CPU.ActiveCfg = Release|Any CPU
		{D3318132-B9A6-4FDD-AE31-D5876DF06024}.Release|Any CPU.Build.0 = Release|Any CPU
	EndGlobalSection
	GlobalSection(SolutionProperties) = preSolution
		HideSolutionNode = FALSE
	EndGlobalSection
	GlobalSection(ExtensibilityGlobals) = postSolution
		SolutionGuid = {8F7FB747-DEBA-4230-9D59-11DC3F3FAF50}
	EndGlobalSection
EndGlobal
