
Microsoft Visual Studio Solution File, Format Version 12.00
# Visual Studio 14
VisualStudioVersion = 14.0.22823.1
MinimumVisualStudioVersion = 10.0.40219.1
Project("{FAE04EC0-301F-11D3-BF4B-00C04F79EFBC}") = "Pimix.IO", "Pimix.IO\Pimix.IO.csproj", "{8E56EA6C-99AA-4DF3-9E58-012F18E4E811}"
EndProject
Project("{FAE04EC0-301F-11D3-BF4B-00C04F79EFBC}") = "PimixTest.IO", "PimixTest.IO\PimixTest.IO.csproj", "{AE5F5382-89CD-43E0-9221-AF125A2DB32A}"
EndProject
Project("{FAE04EC0-301F-11D3-BF4B-00C04F79EFBC}") = "Pimix.Service", "Pimix.Service\Pimix.Service.csproj", "{61CBF740-D894-4F39-9071-BBB96CFD13A4}"
EndProject
Project("{FAE04EC0-301F-11D3-BF4B-00C04F79EFBC}") = "Pimix.Cloud.BaiduCloud", "Pimix.Cloud.BaiduCloud\Pimix.Cloud.BaiduCloud.csproj", "{176E01DB-8DA9-4FE1-9271-411E00E3547A}"
EndProject
Project("{FAE04EC0-301F-11D3-BF4B-00C04F79EFBC}") = "PimixTest.Service", "PimixTest.Service\PimixTest.Service.csproj", "{85164950-E508-4D30-8A28-1C4CCE6D1403}"
EndProject
Project("{FAE04EC0-301F-11D3-BF4B-00C04F79EFBC}") = "PimixTest.Cloud.BaiduCloud", "PimixTest.Cloud.BaiduCloud\PimixTest.Cloud.BaiduCloud.csproj", "{2FDC21E1-1349-4361-84F5-189198C44ABC}"
EndProject
Project("{FAE04EC0-301F-11D3-BF4B-00C04F79EFBC}") = "fileutil", "fileutil\fileutil.csproj", "{531CB29E-4A81-4379-AB90-04481E829ADE}"
EndProject
Project("{FAE04EC0-301F-11D3-BF4B-00C04F79EFBC}") = "Pimix", "Pimix\Pimix.csproj", "{2ABE34D1-EF0A-4AC6-BB95-05DCEFC5BB91}"
EndProject
Project("{FAE04EC0-301F-11D3-BF4B-00C04F79EFBC}") = "Pimix.Cryptography", "Pimix.Cryptography\Pimix.Cryptography.csproj", "{ABF8A889-54F2-47B0-975D-8437A4129622}"
EndProject
Project("{FAE04EC0-301F-11D3-BF4B-00C04F79EFBC}") = "PimixTest.Cryptography", "PimixTest.Cryptography\PimixTest.Cryptography.csproj", "{8F2AB7AF-52AD-447C-92EF-25DAFD2974CA}"
EndProject
Project("{FAE04EC0-301F-11D3-BF4B-00C04F79EFBC}") = "Pimix.IO.FileFormats", "Pimix.IO.FileFormats\Pimix.IO.FileFormats.csproj", "{2DD33390-1808-4F3D-82BB-5E65AB955F49}"
EndProject
Project("{FAE04EC0-301F-11D3-BF4B-00C04F79EFBC}") = "PimixTest.IO.FileFormats", "PimixTest.IO.FileFormats\PimixTest.IO.FileFormats.csproj", "{466AC6D7-E3BC-406B-8D89-42D007D8D5A4}"
EndProject
Global
	GlobalSection(SolutionConfigurationPlatforms) = preSolution
		Debug|Any CPU = Debug|Any CPU
		Debug|x64 = Debug|x64
		Release|Any CPU = Release|Any CPU
		Release|x64 = Release|x64
	EndGlobalSection
	GlobalSection(ProjectConfigurationPlatforms) = postSolution
		{8E56EA6C-99AA-4DF3-9E58-012F18E4E811}.Debug|Any CPU.ActiveCfg = Debug|Any CPU
		{8E56EA6C-99AA-4DF3-9E58-012F18E4E811}.Debug|Any CPU.Build.0 = Debug|Any CPU
		{8E56EA6C-99AA-4DF3-9E58-012F18E4E811}.Debug|x64.ActiveCfg = Debug|x64
		{8E56EA6C-99AA-4DF3-9E58-012F18E4E811}.Debug|x64.Build.0 = Debug|x64
		{8E56EA6C-99AA-4DF3-9E58-012F18E4E811}.Release|Any CPU.ActiveCfg = Release|Any CPU
		{8E56EA6C-99AA-4DF3-9E58-012F18E4E811}.Release|Any CPU.Build.0 = Release|Any CPU
		{8E56EA6C-99AA-4DF3-9E58-012F18E4E811}.Release|x64.ActiveCfg = Release|x64
		{8E56EA6C-99AA-4DF3-9E58-012F18E4E811}.Release|x64.Build.0 = Release|x64
		{AE5F5382-89CD-43E0-9221-AF125A2DB32A}.Debug|Any CPU.ActiveCfg = Debug|Any CPU
		{AE5F5382-89CD-43E0-9221-AF125A2DB32A}.Debug|Any CPU.Build.0 = Debug|Any CPU
		{AE5F5382-89CD-43E0-9221-AF125A2DB32A}.Debug|x64.ActiveCfg = Debug|x64
		{AE5F5382-89CD-43E0-9221-AF125A2DB32A}.Debug|x64.Build.0 = Debug|x64
		{AE5F5382-89CD-43E0-9221-AF125A2DB32A}.Release|Any CPU.ActiveCfg = Release|Any CPU
		{AE5F5382-89CD-43E0-9221-AF125A2DB32A}.Release|Any CPU.Build.0 = Release|Any CPU
		{AE5F5382-89CD-43E0-9221-AF125A2DB32A}.Release|x64.ActiveCfg = Release|x64
		{AE5F5382-89CD-43E0-9221-AF125A2DB32A}.Release|x64.Build.0 = Release|x64
		{61CBF740-D894-4F39-9071-BBB96CFD13A4}.Debug|Any CPU.ActiveCfg = Debug|Any CPU
		{61CBF740-D894-4F39-9071-BBB96CFD13A4}.Debug|Any CPU.Build.0 = Debug|Any CPU
		{61CBF740-D894-4F39-9071-BBB96CFD13A4}.Debug|x64.ActiveCfg = Debug|x64
		{61CBF740-D894-4F39-9071-BBB96CFD13A4}.Debug|x64.Build.0 = Debug|x64
		{61CBF740-D894-4F39-9071-BBB96CFD13A4}.Release|Any CPU.ActiveCfg = Release|Any CPU
		{61CBF740-D894-4F39-9071-BBB96CFD13A4}.Release|Any CPU.Build.0 = Release|Any CPU
		{61CBF740-D894-4F39-9071-BBB96CFD13A4}.Release|x64.ActiveCfg = Release|x64
		{61CBF740-D894-4F39-9071-BBB96CFD13A4}.Release|x64.Build.0 = Release|x64
		{176E01DB-8DA9-4FE1-9271-411E00E3547A}.Debug|Any CPU.ActiveCfg = Debug|Any CPU
		{176E01DB-8DA9-4FE1-9271-411E00E3547A}.Debug|Any CPU.Build.0 = Debug|Any CPU
		{176E01DB-8DA9-4FE1-9271-411E00E3547A}.Debug|x64.ActiveCfg = Debug|Any CPU
		{176E01DB-8DA9-4FE1-9271-411E00E3547A}.Debug|x64.Build.0 = Debug|Any CPU
		{176E01DB-8DA9-4FE1-9271-411E00E3547A}.Release|Any CPU.ActiveCfg = Release|Any CPU
		{176E01DB-8DA9-4FE1-9271-411E00E3547A}.Release|Any CPU.Build.0 = Release|Any CPU
		{176E01DB-8DA9-4FE1-9271-411E00E3547A}.Release|x64.ActiveCfg = Release|Any CPU
		{176E01DB-8DA9-4FE1-9271-411E00E3547A}.Release|x64.Build.0 = Release|Any CPU
		{85164950-E508-4D30-8A28-1C4CCE6D1403}.Debug|Any CPU.ActiveCfg = Debug|Any CPU
		{85164950-E508-4D30-8A28-1C4CCE6D1403}.Debug|Any CPU.Build.0 = Debug|Any CPU
		{85164950-E508-4D30-8A28-1C4CCE6D1403}.Debug|x64.ActiveCfg = Debug|Any CPU
		{85164950-E508-4D30-8A28-1C4CCE6D1403}.Debug|x64.Build.0 = Debug|Any CPU
		{85164950-E508-4D30-8A28-1C4CCE6D1403}.Release|Any CPU.ActiveCfg = Release|Any CPU
		{85164950-E508-4D30-8A28-1C4CCE6D1403}.Release|Any CPU.Build.0 = Release|Any CPU
		{85164950-E508-4D30-8A28-1C4CCE6D1403}.Release|x64.ActiveCfg = Release|Any CPU
		{85164950-E508-4D30-8A28-1C4CCE6D1403}.Release|x64.Build.0 = Release|Any CPU
		{2FDC21E1-1349-4361-84F5-189198C44ABC}.Debug|Any CPU.ActiveCfg = Debug|Any CPU
		{2FDC21E1-1349-4361-84F5-189198C44ABC}.Debug|Any CPU.Build.0 = Debug|Any CPU
		{2FDC21E1-1349-4361-84F5-189198C44ABC}.Debug|x64.ActiveCfg = Debug|Any CPU
		{2FDC21E1-1349-4361-84F5-189198C44ABC}.Debug|x64.Build.0 = Debug|Any CPU
		{2FDC21E1-1349-4361-84F5-189198C44ABC}.Release|Any CPU.ActiveCfg = Release|Any CPU
		{2FDC21E1-1349-4361-84F5-189198C44ABC}.Release|Any CPU.Build.0 = Release|Any CPU
		{2FDC21E1-1349-4361-84F5-189198C44ABC}.Release|x64.ActiveCfg = Release|Any CPU
		{2FDC21E1-1349-4361-84F5-189198C44ABC}.Release|x64.Build.0 = Release|Any CPU
		{531CB29E-4A81-4379-AB90-04481E829ADE}.Debug|Any CPU.ActiveCfg = Debug|Any CPU
		{531CB29E-4A81-4379-AB90-04481E829ADE}.Debug|Any CPU.Build.0 = Debug|Any CPU
		{531CB29E-4A81-4379-AB90-04481E829ADE}.Debug|x64.ActiveCfg = Debug|Any CPU
		{531CB29E-4A81-4379-AB90-04481E829ADE}.Debug|x64.Build.0 = Debug|Any CPU
		{531CB29E-4A81-4379-AB90-04481E829ADE}.Release|Any CPU.ActiveCfg = Release|Any CPU
		{531CB29E-4A81-4379-AB90-04481E829ADE}.Release|Any CPU.Build.0 = Release|Any CPU
		{531CB29E-4A81-4379-AB90-04481E829ADE}.Release|x64.ActiveCfg = Release|Any CPU
		{531CB29E-4A81-4379-AB90-04481E829ADE}.Release|x64.Build.0 = Release|Any CPU
		{2ABE34D1-EF0A-4AC6-BB95-05DCEFC5BB91}.Debug|Any CPU.ActiveCfg = Debug|Any CPU
		{2ABE34D1-EF0A-4AC6-BB95-05DCEFC5BB91}.Debug|Any CPU.Build.0 = Debug|Any CPU
		{2ABE34D1-EF0A-4AC6-BB95-05DCEFC5BB91}.Debug|x64.ActiveCfg = Debug|Any CPU
		{2ABE34D1-EF0A-4AC6-BB95-05DCEFC5BB91}.Debug|x64.Build.0 = Debug|Any CPU
		{2ABE34D1-EF0A-4AC6-BB95-05DCEFC5BB91}.Release|Any CPU.ActiveCfg = Release|Any CPU
		{2ABE34D1-EF0A-4AC6-BB95-05DCEFC5BB91}.Release|Any CPU.Build.0 = Release|Any CPU
		{2ABE34D1-EF0A-4AC6-BB95-05DCEFC5BB91}.Release|x64.ActiveCfg = Release|Any CPU
		{2ABE34D1-EF0A-4AC6-BB95-05DCEFC5BB91}.Release|x64.Build.0 = Release|Any CPU
		{ABF8A889-54F2-47B0-975D-8437A4129622}.Debug|Any CPU.ActiveCfg = Debug|Any CPU
		{ABF8A889-54F2-47B0-975D-8437A4129622}.Debug|Any CPU.Build.0 = Debug|Any CPU
		{ABF8A889-54F2-47B0-975D-8437A4129622}.Debug|x64.ActiveCfg = Debug|Any CPU
		{ABF8A889-54F2-47B0-975D-8437A4129622}.Debug|x64.Build.0 = Debug|Any CPU
		{ABF8A889-54F2-47B0-975D-8437A4129622}.Release|Any CPU.ActiveCfg = Release|Any CPU
		{ABF8A889-54F2-47B0-975D-8437A4129622}.Release|Any CPU.Build.0 = Release|Any CPU
		{ABF8A889-54F2-47B0-975D-8437A4129622}.Release|x64.ActiveCfg = Release|Any CPU
		{ABF8A889-54F2-47B0-975D-8437A4129622}.Release|x64.Build.0 = Release|Any CPU
		{8F2AB7AF-52AD-447C-92EF-25DAFD2974CA}.Debug|Any CPU.ActiveCfg = Debug|Any CPU
		{8F2AB7AF-52AD-447C-92EF-25DAFD2974CA}.Debug|Any CPU.Build.0 = Debug|Any CPU
		{8F2AB7AF-52AD-447C-92EF-25DAFD2974CA}.Debug|x64.ActiveCfg = Debug|Any CPU
		{8F2AB7AF-52AD-447C-92EF-25DAFD2974CA}.Debug|x64.Build.0 = Debug|Any CPU
		{8F2AB7AF-52AD-447C-92EF-25DAFD2974CA}.Release|Any CPU.ActiveCfg = Release|Any CPU
		{8F2AB7AF-52AD-447C-92EF-25DAFD2974CA}.Release|Any CPU.Build.0 = Release|Any CPU
		{8F2AB7AF-52AD-447C-92EF-25DAFD2974CA}.Release|x64.ActiveCfg = Release|Any CPU
		{8F2AB7AF-52AD-447C-92EF-25DAFD2974CA}.Release|x64.Build.0 = Release|Any CPU
		{2DD33390-1808-4F3D-82BB-5E65AB955F49}.Debug|Any CPU.ActiveCfg = Debug|Any CPU
		{2DD33390-1808-4F3D-82BB-5E65AB955F49}.Debug|Any CPU.Build.0 = Debug|Any CPU
		{2DD33390-1808-4F3D-82BB-5E65AB955F49}.Debug|x64.ActiveCfg = Debug|Any CPU
		{2DD33390-1808-4F3D-82BB-5E65AB955F49}.Debug|x64.Build.0 = Debug|Any CPU
		{2DD33390-1808-4F3D-82BB-5E65AB955F49}.Release|Any CPU.ActiveCfg = Release|Any CPU
		{2DD33390-1808-4F3D-82BB-5E65AB955F49}.Release|Any CPU.Build.0 = Release|Any CPU
		{2DD33390-1808-4F3D-82BB-5E65AB955F49}.Release|x64.ActiveCfg = Release|Any CPU
		{2DD33390-1808-4F3D-82BB-5E65AB955F49}.Release|x64.Build.0 = Release|Any CPU
		{466AC6D7-E3BC-406B-8D89-42D007D8D5A4}.Debug|Any CPU.ActiveCfg = Debug|Any CPU
		{466AC6D7-E3BC-406B-8D89-42D007D8D5A4}.Debug|Any CPU.Build.0 = Debug|Any CPU
		{466AC6D7-E3BC-406B-8D89-42D007D8D5A4}.Debug|x64.ActiveCfg = Debug|Any CPU
		{466AC6D7-E3BC-406B-8D89-42D007D8D5A4}.Debug|x64.Build.0 = Debug|Any CPU
		{466AC6D7-E3BC-406B-8D89-42D007D8D5A4}.Release|Any CPU.ActiveCfg = Release|Any CPU
		{466AC6D7-E3BC-406B-8D89-42D007D8D5A4}.Release|Any CPU.Build.0 = Release|Any CPU
		{466AC6D7-E3BC-406B-8D89-42D007D8D5A4}.Release|x64.ActiveCfg = Release|Any CPU
		{466AC6D7-E3BC-406B-8D89-42D007D8D5A4}.Release|x64.Build.0 = Release|Any CPU
	EndGlobalSection
	GlobalSection(SolutionProperties) = preSolution
		HideSolutionNode = FALSE
	EndGlobalSection
EndGlobal
